
Microsoft Visual Studio Solution File, Format Version 12.00
# Visual Studio Version 17
VisualStudioVersion = 17.1.32421.90
MinimumVisualStudioVersion = 10.0.40219.1
Project("{FAE04EC0-301F-11D3-BF4B-00C04F79EFBC}") = "ProvaEsercizio", "ProvaEsercizio.csproj", "{396937B2-4D4D-4547-BD49-9A4C29FC779F}"
EndProject
Global
	GlobalSection(SolutionConfigurationPlatforms) = preSolution
		Debug|Any CPU = Debug|Any CPU
		Release|Any CPU = Release|Any CPU
	EndGlobalSection
	GlobalSection(ProjectConfigurationPlatforms) = postSolution
		{396937B2-4D4D-4547-BD49-9A4C29FC779F}.Debug|Any CPU.ActiveCfg = Debug|Any CPU
		{396937B2-4D4D-4547-BD49-9A4C29FC779F}.Debug|Any CPU.Build.0 = Debug|Any CPU
		{396937B2-4D4D-4547-BD49-9A4C29FC779F}.Release|Any CPU.ActiveCfg = Release|Any CPU
		{396937B2-4D4D-4547-BD49-9A4C29FC779F}.Release|Any CPU.Build.0 = Release|Any CPU
	EndGlobalSection
	GlobalSection(SolutionProperties) = preSolution
		HideSolutionNode = FALSE
	EndGlobalSection
	GlobalSection(ExtensibilityGlobals) = postSolution
		SolutionGuid = {A2AD100B-4168-4DB1-9C90-D04D2550960E}
	EndGlobalSection
EndGlobal
